// !$*UTF8*$!
{
	archiveVersion = 1;
	classes = {
	};
	objectVersion = 56;
	objects = {

/* Begin PBXBuildFile section */
		63796B0C2C569B0A004CFD97 /* ClimateData.swift in Sources */ = {isa = PBXBuildFile; fileRef = 63796B0B2C569B0A004CFD97 /* ClimateData.swift */; };
		63796B0E2C569B67004CFD97 /* ClimateViewModel.swift in Sources */ = {isa = PBXBuildFile; fileRef = 63796B0D2C569B67004CFD97 /* ClimateViewModel.swift */; };
		63AF4D9A2C5699AC00FB17AE /* ClimateCostApp.swift in Sources */ = {isa = PBXBuildFile; fileRef = 63AF4D992C5699AC00FB17AE /* ClimateCostApp.swift */; };
		63AF4D9C2C5699AC00FB17AE /* ContentView.swift in Sources */ = {isa = PBXBuildFile; fileRef = 63AF4D9B2C5699AC00FB17AE /* ContentView.swift */; };
		63AF4D9E2C5699AE00FB17AE /* Assets.xcassets in Resources */ = {isa = PBXBuildFile; fileRef = 63AF4D9D2C5699AE00FB17AE /* Assets.xcassets */; };
		63AF4DA12C5699AE00FB17AE /* Preview Assets.xcassets in Resources */ = {isa = PBXBuildFile; fileRef = 63AF4DA02C5699AE00FB17AE /* Preview Assets.xcassets */; };
/* End PBXBuildFile section */

/* Begin PBXFileReference section */
		63796B0B2C569B0A004CFD97 /* ClimateData.swift */ = {isa = PBXFileReference; lastKnownFileType = sourcecode.swift; path = ClimateData.swift; sourceTree = "<group>"; };
		63796B0D2C569B67004CFD97 /* ClimateViewModel.swift */ = {isa = PBXFileReference; lastKnownFileType = sourcecode.swift; path = ClimateViewModel.swift; sourceTree = "<group>"; };
		63AF4D962C5699AC00FB17AE /* ClimateCost.app */ = {isa = PBXFileReference; explicitFileType = wrapper.application; includeInIndex = 0; path = ClimateCost.app; sourceTree = BUILT_PRODUCTS_DIR; };
		63AF4D992C5699AC00FB17AE /* ClimateCostApp.swift */ = {isa = PBXFileReference; lastKnownFileType = sourcecode.swift; path = ClimateCostApp.swift; sourceTree = "<group>"; };
		63AF4D9B2C5699AC00FB17AE /* ContentView.swift */ = {isa = PBXFileReference; lastKnownFileType = sourcecode.swift; path = ContentView.swift; sourceTree = "<group>"; };
		63AF4D9D2C5699AE00FB17AE /* Assets.xcassets */ = {isa = PBXFileReference; lastKnownFileType = folder.assetcatalog; path = Assets.xcassets; sourceTree = "<group>"; };
		63AF4DA02C5699AE00FB17AE /* Preview Assets.xcassets */ = {isa = PBXFileReference; lastKnownFileType = folder.assetcatalog; path = "Preview Assets.xcassets"; sourceTree = "<group>"; };
/* End PBXFileReference section */

/* Begin PBXFrameworksBuildPhase section */
		63AF4D932C5699AC00FB17AE /* Frameworks */ = {
			isa = PBXFrameworksBuildPhase;
			buildActionMask = 2147483647;
			files = (
			);
			runOnlyForDeploymentPostprocessing = 0;
		};
/* End PBXFrameworksBuildPhase section */

/* Begin PBXGroup section */
		63AF4D8D2C5699AC00FB17AE = {
			isa = PBXGroup;
			children = (
				63AF4D982C5699AC00FB17AE /* ClimateCost */,
				63AF4D972C5699AC00FB17AE /* Products */,
			);
			sourceTree = "<group>";
		};
		63AF4D972C5699AC00FB17AE /* Products */ = {
			isa = PBXGroup;
			children = (
				63AF4D962C5699AC00FB17AE /* ClimateCost.app */,
			);
			name = Products;
			sourceTree = "<group>";
		};
		63AF4D982C5699AC00FB17AE /* ClimateCost */ = {
			isa = PBXGroup;
			children = (
				63AF4D992C5699AC00FB17AE /* ClimateCostApp.swift */,
				63AF4DA92C5699F900FB17AE /* Model */,
				63AF4DA72C5699E200FB17AE /* Views */,
				63AF4DA82C5699EB00FB17AE /* ViewModel */,
				63AF4D9D2C5699AE00FB17AE /* Assets.xcassets */,
				63AF4D9F2C5699AE00FB17AE /* Preview Content */,
			);
			path = ClimateCost;
			sourceTree = "<group>";
		};
		63AF4D9F2C5699AE00FB17AE /* Preview Content */ = {
			isa = PBXGroup;
			children = (
				63AF4DA02C5699AE00FB17AE /* Preview Assets.xcassets */,
			);
			path = "Preview Content";
			sourceTree = "<group>";
		};
		63AF4DA72C5699E200FB17AE /* Views */ = {
			isa = PBXGroup;
			children = (
				63AF4D9B2C5699AC00FB17AE /* ContentView.swift */,
			);
			path = Views;
			sourceTree = "<group>";
		};
		63AF4DA82C5699EB00FB17AE /* ViewModel */ = {
			isa = PBXGroup;
			children = (
				63796B0D2C569B67004CFD97 /* ClimateViewModel.swift */,
			);
			path = ViewModel;
			sourceTree = "<group>";
		};
		63AF4DA92C5699F900FB17AE /* Model */ = {
			isa = PBXGroup;
			children = (
				63796B0B2C569B0A004CFD97 /* ClimateData.swift */,
			);
			path = Model;
			sourceTree = "<group>";
		};
/* End PBXGroup section */

/* Begin PBXNativeTarget section */
		63AF4D952C5699AC00FB17AE /* ClimateCost */ = {
			isa = PBXNativeTarget;
			buildConfigurationList = 63AF4DA42C5699AE00FB17AE /* Build configuration list for PBXNativeTarget "ClimateCost" */;
			buildPhases = (
				63AF4D922C5699AC00FB17AE /* Sources */,
				63AF4D932C5699AC00FB17AE /* Frameworks */,
				63AF4D942C5699AC00FB17AE /* Resources */,
			);
			buildRules = (
			);
			dependencies = (
			);
			name = ClimateCost;
			productName = ClimateCost;
			productReference = 63AF4D962C5699AC00FB17AE /* ClimateCost.app */;
			productType = "com.apple.product-type.application";
		};
/* End PBXNativeTarget section */

/* Begin PBXProject section */
		63AF4D8E2C5699AC00FB17AE /* Project object */ = {
			isa = PBXProject;
			attributes = {
				BuildIndependentTargetsInParallel = 1;
				LastSwiftUpdateCheck = 1540;
				LastUpgradeCheck = 1540;
				TargetAttributes = {
					63AF4D952C5699AC00FB17AE = {
						CreatedOnToolsVersion = 15.4;
					};
				};
			};
			buildConfigurationList = 63AF4D912C5699AC00FB17AE /* Build configuration list for PBXProject "ClimateCost" */;
			compatibilityVersion = "Xcode 14.0";
			developmentRegion = en;
			hasScannedForEncodings = 0;
			knownRegions = (
				en,
				Base,
			);
			mainGroup = 63AF4D8D2C5699AC00FB17AE;
			productRefGroup = 63AF4D972C5699AC00FB17AE /* Products */;
			projectDirPath = "";
			projectRoot = "";
			targets = (
				63AF4D952C5699AC00FB17AE /* ClimateCost */,
			);
		};
/* End PBXProject section */

/* Begin PBXResourcesBuildPhase section */
		63AF4D942C5699AC00FB17AE /* Resources */ = {
			isa = PBXResourcesBuildPhase;
			buildActionMask = 2147483647;
			files = (
				63AF4DA12C5699AE00FB17AE /* Preview Assets.xcassets in Resources */,
				63AF4D9E2C5699AE00FB17AE /* Assets.xcassets in Resources */,
			);
			runOnlyForDeploymentPostprocessing = 0;
		};
/* End PBXResourcesBuildPhase section */

/* Begin PBXSourcesBuildPhase section */
		63AF4D922C5699AC00FB17AE /* Sources */ = {
			isa = PBXSourcesBuildPhase;
			buildActionMask = 2147483647;
			files = (
				63796B0E2C569B67004CFD97 /* ClimateViewModel.swift in Sources */,
				63796B0C2C569B0A004CFD97 /* ClimateData.swift in Sources */,
				63AF4D9C2C5699AC00FB17AE /* ContentView.swift in Sources */,
				63AF4D9A2C5699AC00FB17AE /* ClimateCostApp.swift in Sources */,
			);
			runOnlyForDeploymentPostprocessing = 0;
		};
/* End PBXSourcesBuildPhase section */

/* Begin XCBuildConfiguration section */
		63AF4DA22C5699AE00FB17AE /* Debug */ = {
			isa = XCBuildConfiguration;
			buildSettings = {
				ALWAYS_SEARCH_USER_PATHS = NO;
				ASSETCATALOG_COMPILER_GENERATE_SWIFT_ASSET_SYMBOL_EXTENSIONS = YES;
				CLANG_ANALYZER_NONNULL = YES;
				CLANG_ANALYZER_NUMBER_OBJECT_CONVERSION = YES_AGGRESSIVE;
				CLANG_CXX_LANGUAGE_STANDARD = "gnu++20";
				CLANG_ENABLE_MODULES = YES;
				CLANG_ENABLE_OBJC_ARC = YES;
				CLANG_ENABLE_OBJC_WEAK = YES;
				CLANG_WARN_BLOCK_CAPTURE_AUTORELEASING = YES;
				CLANG_WARN_BOOL_CONVERSION = YES;
				CLANG_WARN_COMMA = YES;
				CLANG_WARN_CONSTANT_CONVERSION = YES;
				CLANG_WARN_DEPRECATED_OBJC_IMPLEMENTATIONS = YES;
				CLANG_WARN_DIRECT_OBJC_ISA_USAGE = YES_ERROR;
				CLANG_WARN_DOCUMENTATION_COMMENTS = YES;
				CLANG_WARN_EMPTY_BODY = YES;
				CLANG_WARN_ENUM_CONVERSION = YES;
				CLANG_WARN_INFINITE_RECURSION = YES;
				CLANG_WARN_INT_CONVERSION = YES;
				CLANG_WARN_NON_LITERAL_NULL_CONVERSION = YES;
				CLANG_WARN_OBJC_IMPLICIT_RETAIN_SELF = YES;
				CLANG_WARN_OBJC_LITERAL_CONVERSION = YES;
				CLANG_WARN_OBJC_ROOT_CLASS = YES_ERROR;
				CLANG_WARN_QUOTED_INCLUDE_IN_FRAMEWORK_HEADER = YES;
				CLANG_WARN_RANGE_LOOP_ANALYSIS = YES;
				CLANG_WARN_STRICT_PROTOTYPES = YES;
				CLANG_WARN_SUSPICIOUS_MOVE = YES;
				CLANG_WARN_UNGUARDED_AVAILABILITY = YES_AGGRESSIVE;
				CLANG_WARN_UNREACHABLE_CODE = YES;
				CLANG_WARN__DUPLICATE_METHOD_MATCH = YES;
				COPY_PHASE_STRIP = NO;
				DEBUG_INFORMATION_FORMAT = dwarf;
				ENABLE_STRICT_OBJC_MSGSEND = YES;
				ENABLE_TESTABILITY = YES;
				ENABLE_USER_SCRIPT_SANDBOXING = YES;
				GCC_C_LANGUAGE_STANDARD = gnu17;
				GCC_DYNAMIC_NO_PIC = NO;
				GCC_NO_COMMON_BLOCKS = YES;
				GCC_OPTIMIZATION_LEVEL = 0;
				GCC_PREPROCESSOR_DEFINITIONS = (
					"DEBUG=1",
					"$(inherited)",
				);
				GCC_WARN_64_TO_32_BIT_CONVERSION = YES;
				GCC_WARN_ABOUT_RETURN_TYPE = YES_ERROR;
				GCC_WARN_UNDECLARED_SELECTOR = YES;
				GCC_WARN_UNINITIALIZED_AUTOS = YES_AGGRESSIVE;
				GCC_WARN_UNUSED_FUNCTION = YES;
				GCC_WARN_UNUSED_VARIABLE = YES;
				IPHONEOS_DEPLOYMENT_TARGET = 17.5;
				LOCALIZATION_PREFERS_STRING_CATALOGS = YES;
				MTL_ENABLE_DEBUG_INFO = INCLUDE_SOURCE;
				MTL_FAST_MATH = YES;
				ONLY_ACTIVE_ARCH = YES;
				SDKROOT = iphoneos;
				SWIFT_ACTIVE_COMPILATION_CONDITIONS = "DEBUG $(inherited)";
				SWIFT_OPTIMIZATION_LEVEL = "-Onone";
			};
			name = Debug;
		};
		63AF4DA32C5699AE00FB17AE /* Release */ = {
			isa = XCBuildConfiguration;
			buildSettings = {
				ALWAYS_SEARCH_USER_PATHS = NO;
				ASSETCATALOG_COMPILER_GENERATE_SWIFT_ASSET_SYMBOL_EXTENSIONS = YES;
				CLANG_ANALYZER_NONNULL = YES;
				CLANG_ANALYZER_NUMBER_OBJECT_CONVERSION = YES_AGGRESSIVE;
				CLANG_CXX_LANGUAGE_STANDARD = "gnu++20";
				CLANG_ENABLE_MODULES = YES;
				CLANG_ENABLE_OBJC_ARC = YES;
				CLANG_ENABLE_OBJC_WEAK = YES;
				CLANG_WARN_BLOCK_CAPTURE_AUTORELEASING = YES;
				CLANG_WARN_BOOL_CONVERSION = YES;
				CLANG_WARN_COMMA = YES;
				CLANG_WARN_CONSTANT_CONVERSION = YES;
				CLANG_WARN_DEPRECATED_OBJC_IMPLEMENTATIONS = YES;
				CLANG_WARN_DIRECT_OBJC_ISA_USAGE = YES_ERROR;
				CLANG_WARN_DOCUMENTATION_COMMENTS = YES;
				CLANG_WARN_EMPTY_BODY = YES;
				CLANG_WARN_ENUM_CONVERSION = YES;
				CLANG_WARN_INFINITE_RECURSION = YES;
				CLANG_WARN_INT_CONVERSION = YES;
				CLANG_WARN_NON_LITERAL_NULL_CONVERSION = YES;
				CLANG_WARN_OBJC_IMPLICIT_RETAIN_SELF = YES;
				CLANG_WARN_OBJC_LITERAL_CONVERSION = YES;
				CLANG_WARN_OBJC_ROOT_CLASS = YES_ERROR;
				CLANG_WARN_QUOTED_INCLUDE_IN_FRAMEWORK_HEADER = YES;
				CLANG_WARN_RANGE_LOOP_ANALYSIS = YES;
				CLANG_WARN_STRICT_PROTOTYPES = YES;
				CLANG_WARN_SUSPICIOUS_MOVE = YES;
				CLANG_WARN_UNGUARDED_AVAILABILITY = YES_AGGRESSIVE;
				CLANG_WARN_UNREACHABLE_CODE = YES;
				CLANG_WARN__DUPLICATE_METHOD_MATCH = YES;
				COPY_PHASE_STRIP = NO;
				DEBUG_INFORMATION_FORMAT = "dwarf-with-dsym";
				ENABLE_NS_ASSERTIONS = NO;
				ENABLE_STRICT_OBJC_MSGSEND = YES;
				ENABLE_USER_SCRIPT_SANDBOXING = YES;
				GCC_C_LANGUAGE_STANDARD = gnu17;
				GCC_NO_COMMON_BLOCKS = YES;
				GCC_WARN_64_TO_32_BIT_CONVERSION = YES;
				GCC_WARN_ABOUT_RETURN_TYPE = YES_ERROR;
				GCC_WARN_UNDECLARED_SELECTOR = YES;
				GCC_WARN_UNINITIALIZED_AUTOS = YES_AGGRESSIVE;
				GCC_WARN_UNUSED_FUNCTION = YES;
				GCC_WARN_UNUSED_VARIABLE = YES;
				IPHONEOS_DEPLOYMENT_TARGET = 17.5;
				LOCALIZATION_PREFERS_STRING_CATALOGS = YES;
				MTL_ENABLE_DEBUG_INFO = NO;
				MTL_FAST_MATH = YES;
				SDKROOT = iphoneos;
				SWIFT_COMPILATION_MODE = wholemodule;
				VALIDATE_PRODUCT = YES;
			};
			name = Release;
		};
		63AF4DA52C5699AE00FB17AE /* Debug */ = {
			isa = XCBuildConfiguration;
			buildSettings = {
				ASSETCATALOG_COMPILER_APPICON_NAME = AppIcon;
				ASSETCATALOG_COMPILER_GLOBAL_ACCENT_COLOR_NAME = AccentColor;
				CODE_SIGN_STYLE = Automatic;
				CURRENT_PROJECT_VERSION = 1;
				DEVELOPMENT_ASSET_PATHS = "\"ClimateCost/Preview Content\"";
				DEVELOPMENT_TEAM = Q2ES7AM762;
				ENABLE_PREVIEWS = YES;
				GENERATE_INFOPLIST_FILE = YES;
				INFOPLIST_KEY_UIApplicationSceneManifest_Generation = YES;
				INFOPLIST_KEY_UIApplicationSupportsIndirectInputEvents = YES;
				INFOPLIST_KEY_UILaunchScreen_Generation = YES;
				INFOPLIST_KEY_UISupportedInterfaceOrientations_iPad = "UIInterfaceOrientationPortrait UIInterfaceOrientationPortraitUpsideDown UIInterfaceOrientationLandscapeLeft UIInterfaceOrientationLandscapeRight";
				INFOPLIST_KEY_UISupportedInterfaceOrientations_iPhone = "UIInterfaceOrientationPortrait UIInterfaceOrientationLandscapeLeft UIInterfaceOrientationLandscapeRight";
				IPHONEOS_DEPLOYMENT_TARGET = 16.3;
				LD_RUNPATH_SEARCH_PATHS = (
					"$(inherited)",
					"@executable_path/Frameworks",
				);
				MARKETING_VERSION = 1.0;
				PRODUCT_BUNDLE_IDENTIFIER = com.delhaisse.ClimateCost;
				PRODUCT_NAME = "$(TARGET_NAME)";
				SWIFT_EMIT_LOC_STRINGS = YES;
				SWIFT_VERSION = 5.0;
				TARGETED_DEVICE_FAMILY = "1,2";
			};
			name = Debug;
		};
		63AF4DA62C5699AE00FB17AE /* Release */ = {
			isa = XCBuildConfiguration;
			buildSettings = {
				ASSETCATALOG_COMPILER_APPICON_NAME = AppIcon;
				ASSETCATALOG_COMPILER_GLOBAL_ACCENT_COLOR_NAME = AccentColor;
				CODE_SIGN_STYLE = Automatic;
				CURRENT_PROJECT_VERSION = 1;
				DEVELOPMENT_ASSET_PATHS = "\"ClimateCost/Preview Content\"";
				DEVELOPMENT_TEAM = Q2ES7AM762;
				ENABLE_PREVIEWS = YES;
				GENERATE_INFOPLIST_FILE = YES;
				INFOPLIST_KEY_UIApplicationSceneManifest_Generation = YES;
				INFOPLIST_KEY_UIApplicationSupportsIndirectInputEvents = YES;
				INFOPLIST_KEY_UILaunchScreen_Generation = YES;
				INFOPLIST_KEY_UISupportedInterfaceOrientations_iPad = "UIInterfaceOrientationPortrait UIInterfaceOrientationPortraitUpsideDown UIInterfaceOrientationLandscapeLeft UIInterfaceOrientationLandscapeRight";
				INFOPLIST_KEY_UISupportedInterfaceOrientations_iPhone = "UIInterfaceOrientationPortrait UIInterfaceOrientationLandscapeLeft UIInterfaceOrientationLandscapeRight";
				IPHONEOS_DEPLOYMENT_TARGET = 16.3;
				LD_RUNPATH_SEARCH_PATHS = (
					"$(inherited)",
					"@executable_path/Frameworks",
				);
				MARKETING_VERSION = 1.0;
				PRODUCT_BUNDLE_IDENTIFIER = com.delhaisse.ClimateCost;
				PRODUCT_NAME = "$(TARGET_NAME)";
				SWIFT_EMIT_LOC_STRINGS = YES;
				SWIFT_VERSION = 5.0;
				TARGETED_DEVICE_FAMILY = "1,2";
			};
			name = Release;
		};
/* End XCBuildConfiguration section */

/* Begin XCConfigurationList section */
		63AF4D912C5699AC00FB17AE /* Build configuration list for PBXProject "ClimateCost" */ = {
			isa = XCConfigurationList;
			buildConfigurations = (
				63AF4DA22C5699AE00FB17AE /* Debug */,
				63AF4DA32C5699AE00FB17AE /* Release */,
			);
			defaultConfigurationIsVisible = 0;
			defaultConfigurationName = Release;
		};
		63AF4DA42C5699AE00FB17AE /* Build configuration list for PBXNativeTarget "ClimateCost" */ = {
			isa = XCConfigurationList;
			buildConfigurations = (
				63AF4DA52C5699AE00FB17AE /* Debug */,
				63AF4DA62C5699AE00FB17AE /* Release */,
			);
			defaultConfigurationIsVisible = 0;
			defaultConfigurationName = Release;
		};
/* End XCConfigurationList section */
	};
	rootObject = 63AF4D8E2C5699AC00FB17AE /* Project object */;
}
